PODS:
  - CocoaAsyncSocket (7.4.3):
    - CocoaAsyncSocket/All (= 7.4.3)
  - CocoaAsyncSocket/All (7.4.3):
    - CocoaAsyncSocket/GCD
    - CocoaAsyncSocket/RunLoop
  - CocoaAsyncSocket/GCD (7.4.3)
  - CocoaAsyncSocket/RunLoop (7.4.3)
  - ProtocolBuffers (1.9.10)
  - Reachability (3.2)

DEPENDENCIES:
  - CocoaAsyncSocket
  - ProtocolBuffers
  - Reachability

SPEC CHECKSUMS:
  CocoaAsyncSocket: a18c75dca4b08723628a0bacca6e94803d90be91
  ProtocolBuffers: d088180c10072b3d24a9939a6314b7b9bcc2340b
  Reachability: 33e18b67625424e47b6cde6d202dce689ad7af96

PODFILE CHECKSUM: 373aaffd7a34541edd1f0f83d8e0b1bb734fd152

COCOAPODS: 1.2.0
